# This file was autogenerated by Stack.
# You should not edit this file by hand.
# For more information, please see the documentation at:
#   https://docs.haskellstack.org/en/stable/lock_files

packages:
- completed:
    hackage: system-locale-0.3.0.0@sha256:13b3982403d8ac8cc6138e68802be8d8e7cf7ebc4cbc7e47e99e3c0dd1be066a,1529
    pantry-tree:
      size: 446
      sha256: 3b22af3e6315835bf614a0d30381ec7e47aca147b59ba601aeaa26f1fdc19373
  original:
    hackage: system-locale-0.3.0.0
snapshots:
- completed:
    size: 524996
    url: https://raw.githubusercontent.com/commercialhaskell/stackage-snapshots/master/lts/14/27.yaml
    sha256: 7ea31a280c56bf36ff591a7397cc384d0dff622e7f9e4225b47d8980f019a0f0
  original: lts-14.27
